Microsoft Visual Studio Solution File, Format Version 12.00
# Visual Studio 2012
Project("{FAE04EC0-301F-11D3-BF4B-00C04F79EFBC}") = "Memo R", "Memo R.csproj", "{3288DF9F-26A4-4443-81BF-0537D0E03000}"
EndProject
Global
	GlobalSection(SolutionConfigurationPlatforms) = preSolution
	Debug|Any CPU = Debug|Any CPU
	ExportDebug|Any CPU = ExportDebug|Any CPU
	ExportRelease|Any CPU = ExportRelease|Any CPU
	EndGlobalSection
	GlobalSection(ProjectConfigurationPlatforms) = postSolution
		{3288DF9F-26A4-4443-81BF-0537D0E03000}.Debug|Any CPU.ActiveCfg = Debug|Any CPU
		{3288DF9F-26A4-4443-81BF-0537D0E03000}.Debug|Any CPU.Build.0 = Debug|Any CPU
		{3288DF9F-26A4-4443-81BF-0537D0E03000}.ExportDebug|Any CPU.ActiveCfg = ExportDebug|Any CPU
		{3288DF9F-26A4-4443-81BF-0537D0E03000}.ExportDebug|Any CPU.Build.0 = ExportDebug|Any CPU
		{3288DF9F-26A4-4443-81BF-0537D0E03000}.ExportRelease|Any CPU.ActiveCfg = ExportRelease|Any CPU
		{3288DF9F-26A4-4443-81BF-0537D0E03000}.ExportRelease|Any CPU.Build.0 = ExportRelease|Any CPU
	EndGlobalSection
EndGlobal
